// !$*UTF8*$!
{
	archiveVersion = 1;
	classes = {
	};
	objectVersion = 46;
	objects = {

/* Begin PBXBuildFile section */
		5021FC2F1A3CBD7900430293 /* CloudKit.framework in Frameworks */ = {isa = PBXBuildFile; fileRef = 5021FC2E1A3CBD7900430293 /* CloudKit.framework */; };
		5021FC311A3CD47A00430293 /* CloudSupport.swift in Sources */ = {isa = PBXBuildFile; fileRef = 5021FC301A3CD47A00430293 /* CloudSupport.swift */; };
		504239EE19D2B53D00EB55AF /* AppDelegate.swift in Sources */ = {isa = PBXBuildFile; fileRef = 504239ED19D2B53D00EB55AF /* AppDelegate.swift */; };
		504239F319D2B53D00EB55AF /* Main.storyboard in Resources */ = {isa = PBXBuildFile; fileRef = 504239F119D2B53D00EB55AF /* Main.storyboard */; };
		504239F519D2B53D00EB55AF /* Images.xcassets in Resources */ = {isa = PBXBuildFile; fileRef = 504239F419D2B53D00EB55AF /* Images.xcassets */; };
		504239F819D2B53D00EB55AF /* LaunchScreen.xib in Resources */ = {isa = PBXBuildFile; fileRef = 504239F619D2B53D00EB55AF /* LaunchScreen.xib */; };
		50423A0419D2B53D00EB55AF /* StatusAppTests.swift in Sources */ = {isa = PBXBuildFile; fileRef = 50423A0319D2B53D00EB55AF /* StatusAppTests.swift */; };
		50423A0E19D2B65000EB55AF /* StatusEntity.swift in Sources */ = {isa = PBXBuildFile; fileRef = 50423A0D19D2B65000EB55AF /* StatusEntity.swift */; };
		50423A1419D2B6D400EB55AF /* StatusListViewController.swift in Sources */ = {isa = PBXBuildFile; fileRef = 50423A1319D2B6D400EB55AF /* StatusListViewController.swift */; };
		50423A1619D2B7B400EB55AF /* StatusListViewCell.swift in Sources */ = {isa = PBXBuildFile; fileRef = 50423A1519D2B7B400EB55AF /* StatusListViewCell.swift */; };
		5086FA9819D318540044A599 /* StatusDetailViewController.swift in Sources */ = {isa = PBXBuildFile; fileRef = 5086FA9719D318540044A599 /* StatusDetailViewController.swift */; };
		5086FA9B19D31D4C0044A599 /* UIColor+RGB.swift in Sources */ = {isa = PBXBuildFile; fileRef = 5086FA9919D31D4C0044A599 /* UIColor+RGB.swift */; };
		5086FA9E19D320990044A599 /* StatusEntityColor.swift in Sources */ = {isa = PBXBuildFile; fileRef = 5086FA9D19D320990044A599 /* StatusEntityColor.swift */; };
		5086FAA019D419F70044A599 /* GradientView.swift in Sources */ = {isa = PBXBuildFile; fileRef = 5086FA9F19D419F70044A599 /* GradientView.swift */; };
		5086FAA219D41F030044A599 /* Buttons.swift in Sources */ = {isa = PBXBuildFile; fileRef = 5086FAA119D41F030044A599 /* Buttons.swift */; };
		5086FAA419D425E90044A599 /* StatusEntityDatabase.swift in Sources */ = {isa = PBXBuildFile; fileRef = 5086FAA319D425E90044A599 /* StatusEntityDatabase.swift */; };
		5086FAA619D450AA0044A599 /* ColorButtonsControl.swift in Sources */ = {isa = PBXBuildFile; fileRef = 5086FAA519D450AA0044A599 /* ColorButtonsControl.swift */; };
		5086FAA819D465A60044A599 /* QuartzCore.framework in Frameworks */ = {isa = PBXBuildFile; fileRef = 5086FAA719D465A60044A599 /* QuartzCore.framework */; };
		5086FAAB19D54A930044A599 /* UnderlinedTextView.swift in Sources */ = {isa = PBXBuildFile; fileRef = 5086FAAA19D54A930044A599 /* UnderlinedTextView.swift */; };
		5086FAAD19D58B770044A599 /* AddEntryButton.swift in Sources */ = {isa = PBXBuildFile; fileRef = 5086FAAC19D58B770044A599 /* AddEntryButton.swift */; };
		5086FAB019D5A18B0044A599 /* UITextView+CalculateHeight.m in Sources */ = {isa = PBXBuildFile; fileRef = 5086FAAF19D5A18B0044A599 /* UITextView+CalculateHeight.m */; };
		50CDA7A619DABCAF005084DC /* ZoomAnimatedController.swift in Sources */ = {isa = PBXBuildFile; fileRef = 50CDA7A519DABCAF005084DC /* ZoomAnimatedController.swift */; };
/* End PBXBuildFile section */

/* Begin PBXContainerItemProxy section */
		504239FE19D2B53D00EB55AF /* PBXContainerItemProxy */ = {
			isa = PBXContainerItemProxy;
			containerPortal = 504239E019D2B53D00EB55AF /* Project object */;
			proxyType = 1;
			remoteGlobalIDString = 504239E719D2B53D00EB55AF;
			remoteInfo = StatusApp;
		};
/* End PBXContainerItemProxy section */

/* Begin PBXFileReference section */
		5021FC2D1A3CBD6600430293 /* StatusApp.entitlements */ = {isa = PBXFileReference; lastKnownFileType = text.xml; path = StatusApp.entitlements; sourceTree = "<group>"; };
		5021FC2E1A3CBD7900430293 /* CloudKit.framework */ = {isa = PBXFileReference; lastKnownFileType = wrapper.framework; name = CloudKit.framework; path = System/Library/Frameworks/CloudKit.framework; sourceTree = SDKROOT; };
		5021FC301A3CD47A00430293 /* CloudSupport.swift */ = {isa = PBXFileReference; fileEncoding = 4; lastKnownFileType = sourcecode.swift; path = CloudSupport.swift; sourceTree = "<group>"; };
		504239E819D2B53D00EB55AF /* StatusApp.app */ = {isa = PBXFileReference; explicitFileType = wrapper.application; includeInIndex = 0; path = StatusApp.app; sourceTree = BUILT_PRODUCTS_DIR; };
		504239EC19D2B53D00EB55AF /* Info.plist */ = {isa = PBXFileReference; lastKnownFileType = text.plist.xml; path = Info.plist; sourceTree = "<group>"; };
		504239ED19D2B53D00EB55AF /* AppDelegate.swift */ = {isa = PBXFileReference; lastKnownFileType = sourcecode.swift; path = AppDelegate.swift; sourceTree = "<group>"; };
		504239F219D2B53D00EB55AF /* Base */ = {isa = PBXFileReference; lastKnownFileType = file.storyboard; name = Base; path = Base.lproj/Main.storyboard; sourceTree = "<group>"; };
		504239F419D2B53D00EB55AF /* Images.xcassets */ = {isa = PBXFileReference; lastKnownFileType = folder.assetcatalog; path = Images.xcassets; sourceTree = "<group>"; };
		504239F719D2B53D00EB55AF /* Base */ = {isa = PBXFileReference; lastKnownFileType = file.xib; name = Base; path = Base.lproj/LaunchScreen.xib; sourceTree = "<group>"; };
		504239FD19D2B53D00EB55AF /* StatusAppTests.xctest */ = {isa = PBXFileReference; explicitFileType = wrapper.cfbundle; includeInIndex = 0; path = StatusAppTests.xctest; sourceTree = BUILT_PRODUCTS_DIR; };
		50423A0219D2B53D00EB55AF /* Info.plist */ = {isa = PBXFileReference; lastKnownFileType = text.plist.xml; path = Info.plist; sourceTree = "<group>"; };
		50423A0319D2B53D00EB55AF /* StatusAppTests.swift */ = {isa = PBXFileReference; lastKnownFileType = sourcecode.swift; path = StatusAppTests.swift; sourceTree = "<group>"; };
		50423A0D19D2B65000EB55AF /* StatusEntity.swift */ = {isa = PBXFileReference; fileEncoding = 4; lastKnownFileType = sourcecode.swift; path = StatusEntity.swift; sourceTree = "<group>"; };
		50423A1319D2B6D400EB55AF /* StatusListViewController.swift */ = {isa = PBXFileReference; fileEncoding = 4; lastKnownFileType = sourcecode.swift; path = StatusListViewController.swift; sourceTree = "<group>"; };
		50423A1519D2B7B400EB55AF /* StatusListViewCell.swift */ = {isa = PBXFileReference; fileEncoding = 4; lastKnownFileType = sourcecode.swift; path = StatusListViewCell.swift; sourceTree = "<group>"; };
		5086FA9719D318540044A599 /* StatusDetailViewController.swift */ = {isa = PBXFileReference; fileEncoding = 4; lastKnownFileType = sourcecode.swift; path = StatusDetailViewController.swift; sourceTree = "<group>"; };
		5086FA9919D31D4C0044A599 /* UIColor+RGB.swift */ = {isa = PBXFileReference; fileEncoding = 4; lastKnownFileType = sourcecode.swift; path = "UIColor+RGB.swift"; sourceTree = "<group>"; };
		5086FA9D19D320990044A599 /* StatusEntityColor.swift */ = {isa = PBXFileReference; fileEncoding = 4; lastKnownFileType = sourcecode.swift; path = StatusEntityColor.swift; sourceTree = "<group>"; };
		5086FA9F19D419F70044A599 /* GradientView.swift */ = {isa = PBXFileReference; fileEncoding = 4; lastKnownFileType = sourcecode.swift; path = GradientView.swift; sourceTree = "<group>"; };
		5086FAA119D41F030044A599 /* Buttons.swift */ = {isa = PBXFileReference; fileEncoding = 4; lastKnownFileType = sourcecode.swift; path = Buttons.swift; sourceTree = "<group>"; };
		5086FAA319D425E90044A599 /* StatusEntityDatabase.swift */ = {isa = PBXFileReference; fileEncoding = 4; lastKnownFileType = sourcecode.swift; path = StatusEntityDatabase.swift; sourceTree = "<group>"; };
		5086FAA519D450AA0044A599 /* ColorButtonsControl.swift */ = {isa = PBXFileReference; fileEncoding = 4; lastKnownFileType = sourcecode.swift; path = ColorButtonsControl.swift; sourceTree = "<group>"; };
		5086FAA719D465A60044A599 /* QuartzCore.framework */ = {isa = PBXFileReference; lastKnownFileType = wrapper.framework; name = QuartzCore.framework; path = System/Library/Frameworks/QuartzCore.framework; sourceTree = SDKROOT; };
		5086FAAA19D54A930044A599 /* UnderlinedTextView.swift */ = {isa = PBXFileReference; fileEncoding = 4; lastKnownFileType = sourcecode.swift; path = UnderlinedTextView.swift; sourceTree = "<group>"; };
		5086FAAC19D58B770044A599 /* AddEntryButton.swift */ = {isa = PBXFileReference; fileEncoding = 4; lastKnownFileType = sourcecode.swift; path = AddEntryButton.swift; sourceTree = "<group>"; };
		5086FAAE19D5A18B0044A599 /* UITextView+CalculateHeight.h */ = {isa = PBXFileReference; fileEncoding = 4; lastKnownFileType = sourcecode.c.h; path = "UITextView+CalculateHeight.h"; sourceTree = "<group>"; };
		5086FAAF19D5A18B0044A599 /* UITextView+CalculateHeight.m */ = {isa = PBXFileReference; fileEncoding = 4; lastKnownFileType = sourcecode.c.objc; path = "UITextView+CalculateHeight.m"; sourceTree = "<group>"; };
		5086FAB419D5A2690044A599 /* StatusApp-Bridging-Header.h */ = {isa = PBXFileReference; lastKnownFileType = sourcecode.c.h; path = "StatusApp-Bridging-Header.h"; sourceTree = "<group>"; };
		50CDA7A519DABCAF005084DC /* ZoomAnimatedController.swift */ = {isa = PBXFileReference; fileEncoding = 4; lastKnownFileType = sourcecode.swift; path = ZoomAnimatedController.swift; sourceTree = "<group>"; };
/* End PBXFileReference section */

/* Begin PBXFrameworksBuildPhase section */
		504239E519D2B53D00EB55AF /* Frameworks */ = {
			isa = PBXFrameworksBuildPhase;
			buildActionMask = 2147483647;
			files = (
				5086FAA819D465A60044A599 /* QuartzCore.framework in Frameworks */,
				5021FC2F1A3CBD7900430293 /* CloudKit.framework in Frameworks */,
			);
			runOnlyForDeploymentPostprocessing = 0;
		};
		504239FA19D2B53D00EB55AF /* Frameworks */ = {
			isa = PBXFrameworksBuildPhase;
			buildActionMask = 2147483647;
			files = (
			);
			runOnlyForDeploymentPostprocessing = 0;
		};
/* End PBXFrameworksBuildPhase section */

/* Begin PBXGroup section */
		504239DF19D2B53D00EB55AF = {
			isa = PBXGroup;
			children = (
				504239EA19D2B53D00EB55AF /* StatusApp */,
				5086FAA919D465B40044A599 /* Frameworks */,
				50423A0019D2B53D00EB55AF /* StatusAppTests */,
				504239E919D2B53D00EB55AF /* Products */,
			);
			sourceTree = "<group>";
		};
		504239E919D2B53D00EB55AF /* Products */ = {
			isa = PBXGroup;
			children = (
				504239E819D2B53D00EB55AF /* StatusApp.app */,
				504239FD19D2B53D00EB55AF /* StatusAppTests.xctest */,
			);
			name = Products;
			sourceTree = "<group>";
		};
		504239EA19D2B53D00EB55AF /* StatusApp */ = {
			isa = PBXGroup;
			children = (
				504239ED19D2B53D00EB55AF /* AppDelegate.swift */,
				5086FAB619D946670044A599 /* Categories */,
				5021FC301A3CD47A00430293 /* CloudSupport.swift */,
				504239F419D2B53D00EB55AF /* Images.xcassets */,
				504239F619D2B53D00EB55AF /* LaunchScreen.xib */,
				504239F119D2B53D00EB55AF /* Main.storyboard */,
				5021FC2D1A3CBD6600430293 /* StatusApp.entitlements */,
				50423A0D19D2B65000EB55AF /* StatusEntity.swift */,
				5086FA9D19D320990044A599 /* StatusEntityColor.swift */,
				5086FAA319D425E90044A599 /* StatusEntityDatabase.swift */,
				50423A1519D2B7B400EB55AF /* StatusListViewCell.swift */,
				50423A1319D2B6D400EB55AF /* StatusListViewController.swift */,
				5086FA9719D318540044A599 /* StatusDetailViewController.swift */,
				504239EB19D2B53D00EB55AF /* Supporting Files */,
				5086FAB519D946500044A599 /* UI Components */,
				5086FAB719D957020044A599 /* UI Components (external) */,
				50CDA7A519DABCAF005084DC /* ZoomAnimatedController.swift */,
			);
			path = StatusApp;
			sourceTree = "<group>";
		};
		504239EB19D2B53D00EB55AF /* Supporting Files */ = {
			isa = PBXGroup;
			children = (
				504239EC19D2B53D00EB55AF /* Info.plist */,
			);
			name = "Supporting Files";
			sourceTree = "<group>";
		};
		50423A0019D2B53D00EB55AF /* StatusAppTests */ = {
			isa = PBXGroup;
			children = (
				50423A0319D2B53D00EB55AF /* StatusAppTests.swift */,
				50423A0119D2B53D00EB55AF /* Supporting Files */,
			);
			path = StatusAppTests;
			sourceTree = "<group>";
		};
		50423A0119D2B53D00EB55AF /* Supporting Files */ = {
			isa = PBXGroup;
			children = (
				50423A0219D2B53D00EB55AF /* Info.plist */,
			);
			name = "Supporting Files";
			sourceTree = "<group>";
		};
		5086FAA919D465B40044A599 /* Frameworks */ = {
			isa = PBXGroup;
			children = (
				5021FC2E1A3CBD7900430293 /* CloudKit.framework */,
				5086FAA719D465A60044A599 /* QuartzCore.framework */,
			);
			name = Frameworks;
			path = StatusApp;
			sourceTree = "<group>";
		};
		5086FAB519D946500044A599 /* UI Components */ = {
			isa = PBXGroup;
			children = (
				5086FAAC19D58B770044A599 /* AddEntryButton.swift */,
				5086FAA519D450AA0044A599 /* ColorButtonsControl.swift */,
				5086FAAA19D54A930044A599 /* UnderlinedTextView.swift */,
			);
			name = "UI Components";
			sourceTree = "<group>";
		};
		5086FAB619D946670044A599 /* Categories */ = {
			isa = PBXGroup;
			children = (
				5086FA9919D31D4C0044A599 /* UIColor+RGB.swift */,
				5086FAAE19D5A18B0044A599 /* UITextView+CalculateHeight.h */,
				5086FAAF19D5A18B0044A599 /* UITextView+CalculateHeight.m */,
				5086FAB419D5A2690044A599 /* StatusApp-Bridging-Header.h */,
			);
			name = Categories;
			sourceTree = "<group>";
		};
		5086FAB719D957020044A599 /* UI Components (external) */ = {
			isa = PBXGroup;
			children = (
				5086FAA119D41F030044A599 /* Buttons.swift */,
				5086FA9F19D419F70044A599 /* GradientView.swift */,
			);
			name = "UI Components (external)";
			sourceTree = "<group>";
		};
/* End PBXGroup section */

/* Begin PBXNativeTarget section */
		504239E719D2B53D00EB55AF /* StatusApp */ = {
			isa = PBXNativeTarget;
			buildConfigurationList = 50423A0719D2B53D00EB55AF /* Build configuration list for PBXNativeTarget "StatusApp" */;
			buildPhases = (
				504239E419D2B53D00EB55AF /* Sources */,
				504239E519D2B53D00EB55AF /* Frameworks */,
				504239E619D2B53D00EB55AF /* Resources */,
			);
			buildRules = (
			);
			dependencies = (
			);
			name = StatusApp;
			productName = StatusApp;
			productReference = 504239E819D2B53D00EB55AF /* StatusApp.app */;
			productType = "com.apple.product-type.application";
		};
		504239FC19D2B53D00EB55AF /* StatusAppTests */ = {
			isa = PBXNativeTarget;
			buildConfigurationList = 50423A0A19D2B53D00EB55AF /* Build configuration list for PBXNativeTarget "StatusAppTests" */;
			buildPhases = (
				504239F919D2B53D00EB55AF /* Sources */,
				504239FA19D2B53D00EB55AF /* Frameworks */,
				504239FB19D2B53D00EB55AF /* Resources */,
			);
			buildRules = (
			);
			dependencies = (
				504239FF19D2B53D00EB55AF /* PBXTargetDependency */,
			);
			name = StatusAppTests;
			productName = StatusAppTests;
			productReference = 504239FD19D2B53D00EB55AF /* StatusAppTests.xctest */;
			productType = "com.apple.product-type.bundle.unit-test";
		};
/* End PBXNativeTarget section */

/* Begin PBXProject section */
		504239E019D2B53D00EB55AF /* Project object */ = {
			isa = PBXProject;
			attributes = {
				LastUpgradeCheck = 0600;
				ORGANIZATIONNAME = "Massimiliano Bigatti";
				TargetAttributes = {
					504239E719D2B53D00EB55AF = {
						CreatedOnToolsVersion = 6.0.1;
						DevelopmentTeam = TE8H9CQ2ZM;
						SystemCapabilities = {
							com.apple.iCloud = {
								enabled = 1;
							};
						};
					};
					504239FC19D2B53D00EB55AF = {
						CreatedOnToolsVersion = 6.0.1;
						TestTargetID = 504239E719D2B53D00EB55AF;
					};
				};
			};
			buildConfigurationList = 504239E319D2B53D00EB55AF /* Build configuration list for PBXProject "StatusApp" */;
			compatibilityVersion = "Xcode 3.2";
			developmentRegion = English;
			hasScannedForEncodings = 0;
			knownRegions = (
				en,
				Base,
			);
			mainGroup = 504239DF19D2B53D00EB55AF;
			productRefGroup = 504239E919D2B53D00EB55AF /* Products */;
			projectDirPath = "";
			projectRoot = "";
			targets = (
				504239E719D2B53D00EB55AF /* StatusApp */,
				504239FC19D2B53D00EB55AF /* StatusAppTests */,
			);
		};
/* End PBXProject section */

/* Begin PBXResourcesBuildPhase section */
		504239E619D2B53D00EB55AF /* Resources */ = {
			isa = PBXResourcesBuildPhase;
			buildActionMask = 2147483647;
			files = (
				504239F319D2B53D00EB55AF /* Main.storyboard in Resources */,
				504239F819D2B53D00EB55AF /* LaunchScreen.xib in Resources */,
				504239F519D2B53D00EB55AF /* Images.xcassets in Resources */,
			);
			runOnlyForDeploymentPostprocessing = 0;
		};
		504239FB19D2B53D00EB55AF /* Resources */ = {
			isa = PBXResourcesBuildPhase;
			buildActionMask = 2147483647;
			files = (
			);
			runOnlyForDeploymentPostprocessing = 0;
		};
/* End PBXResourcesBuildPhase section */

/* Begin PBXSourcesBuildPhase section */
		504239E419D2B53D00EB55AF /* Sources */ = {
			isa = PBXSourcesBuildPhase;
			buildActionMask = 2147483647;
			files = (
				5086FAA219D41F030044A599 /* Buttons.swift in Sources */,
				5021FC311A3CD47A00430293 /* CloudSupport.swift in Sources */,
				5086FA9819D318540044A599 /* StatusDetailViewController.swift in Sources */,
				5086FA9B19D31D4C0044A599 /* UIColor+RGB.swift in Sources */,
				5086FAA619D450AA0044A599 /* ColorButtonsControl.swift in Sources */,
				50423A1419D2B6D400EB55AF /* StatusListViewController.swift in Sources */,
				5086FAB019D5A18B0044A599 /* UITextView+CalculateHeight.m in Sources */,
				5086FAAB19D54A930044A599 /* UnderlinedTextView.swift in Sources */,
				50423A0E19D2B65000EB55AF /* StatusEntity.swift in Sources */,
				50CDA7A619DABCAF005084DC /* ZoomAnimatedController.swift in Sources */,
				50423A1619D2B7B400EB55AF /* StatusListViewCell.swift in Sources */,
				504239EE19D2B53D00EB55AF /* AppDelegate.swift in Sources */,
				5086FAA019D419F70044A599 /* GradientView.swift in Sources */,
				5086FA9E19D320990044A599 /* StatusEntityColor.swift in Sources */,
				5086FAA419D425E90044A599 /* StatusEntityDatabase.swift in Sources */,
				5086FAAD19D58B770044A599 /* AddEntryButton.swift in Sources */,
			);
			runOnlyForDeploymentPostprocessing = 0;
		};
		504239F919D2B53D00EB55AF /* Sources */ = {
			isa = PBXSourcesBuildPhase;
			buildActionMask = 2147483647;
			files = (
				50423A0419D2B53D00EB55AF /* StatusAppTests.swift in Sources */,
			);
			runOnlyForDeploymentPostprocessing = 0;
		};
/* End PBXSourcesBuildPhase section */

/* Begin PBXTargetDependency section */
		504239FF19D2B53D00EB55AF /* PBXTargetDependency */ = {
			isa = PBXTargetDependency;
			target = 504239E719D2B53D00EB55AF /* StatusApp */;
			targetProxy = 504239FE19D2B53D00EB55AF /* PBXContainerItemProxy */;
		};
/* End PBXTargetDependency section */

/* Begin PBXVariantGroup section */
		504239F119D2B53D00EB55AF /* Main.storyboard */ = {
			isa = PBXVariantGroup;
			children = (
				504239F219D2B53D00EB55AF /* Base */,
			);
			name = Main.storyboard;
			sourceTree = "<group>";
		};
		504239F619D2B53D00EB55AF /* LaunchScreen.xib */ = {
			isa = PBXVariantGroup;
			children = (
				504239F719D2B53D00EB55AF /* Base */,
			);
			name = LaunchScreen.xib;
			sourceTree = "<group>";
		};
/* End PBXVariantGroup section */

/* Begin XCBuildConfiguration section */
		50423A0519D2B53D00EB55AF /* Debug */ = {
			isa = XCBuildConfiguration;
			buildSettings = {
				ALWAYS_SEARCH_USER_PATHS = NO;
				CLANG_CXX_LANGUAGE_STANDARD = "gnu++0x";
				CLANG_CXX_LIBRARY = "libc++";
				CLANG_ENABLE_MODULES = YES;
				CLANG_ENABLE_OBJC_ARC = YES;
				CLANG_WARN_BOOL_CONVERSION = YES;
				CLANG_WARN_CONSTANT_CONVERSION = YES;
				CLANG_WARN_DIRECT_OBJC_ISA_USAGE = YES_ERROR;
				CLANG_WARN_EMPTY_BODY = YES;
				CLANG_WARN_ENUM_CONVERSION = YES;
				CLANG_WARN_INT_CONVERSION = YES;
				CLANG_WARN_OBJC_ROOT_CLASS = YES_ERROR;
				CLANG_WARN_UNREACHABLE_CODE = YES;
				CLANG_WARN__DUPLICATE_METHOD_MATCH = YES;
				"CODE_SIGN_IDENTITY[sdk=iphoneos*]" = "iPhone Developer";
				COPY_PHASE_STRIP = NO;
				ENABLE_STRICT_OBJC_MSGSEND = YES;
				GCC_C_LANGUAGE_STANDARD = gnu99;
				GCC_DYNAMIC_NO_PIC = NO;
				GCC_OPTIMIZATION_LEVEL = 0;
				GCC_PREPROCESSOR_DEFINITIONS = (
					"DEBUG=1",
					"$(inherited)",
				);
				GCC_SYMBOLS_PRIVATE_EXTERN = NO;
				GCC_WARN_64_TO_32_BIT_CONVERSION = YES;
				GCC_WARN_ABOUT_RETURN_TYPE = YES_ERROR;
				GCC_WARN_UNDECLARED_SELECTOR = YES;
				GCC_WARN_UNINITIALIZED_AUTOS = YES_AGGRESSIVE;
				GCC_WARN_UNUSED_FUNCTION = YES;
				GCC_WARN_UNUSED_VARIABLE = YES;
				IPHONEOS_DEPLOYMENT_TARGET = 8.0;
				MTL_ENABLE_DEBUG_INFO = YES;
				ONLY_ACTIVE_ARCH = YES;
				SDKROOT = iphoneos;
				SWIFT_OPTIMIZATION_LEVEL = "-Onone";
			};
			name = Debug;
		};
		50423A0619D2B53D00EB55AF /* Release */ = {
			isa = XCBuildConfiguration;
			buildSettings = {
				ALWAYS_SEARCH_USER_PATHS = NO;
				CLANG_CXX_LANGUAGE_STANDARD = "gnu++0x";
				CLANG_CXX_LIBRARY = "libc++";
				CLANG_ENABLE_MODULES = YES;
				CLANG_ENABLE_OBJC_ARC = YES;
				CLANG_WARN_BOOL_CONVERSION = YES;
				CLANG_WARN_CONSTANT_CONVERSION = YES;
				CLANG_WARN_DIRECT_OBJC_ISA_USAGE = YES_ERROR;
				CLANG_WARN_EMPTY_BODY = YES;
				CLANG_WARN_ENUM_CONVERSION = YES;
				CLANG_WARN_INT_CONVERSION = YES;
				CLANG_WARN_OBJC_ROOT_CLASS = YES_ERROR;
				CLANG_WARN_UNREACHABLE_CODE = YES;
				CLANG_WARN__DUPLICATE_METHOD_MATCH = YES;
				"CODE_SIGN_IDENTITY[sdk=iphoneos*]" = "iPhone Developer";
				COPY_PHASE_STRIP = YES;
				ENABLE_NS_ASSERTIONS = NO;
				ENABLE_STRICT_OBJC_MSGSEND = YES;
				GCC_C_LANGUAGE_STANDARD = gnu99;
				GCC_WARN_64_TO_32_BIT_CONVERSION = YES;
				GCC_WARN_ABOUT_RETURN_TYPE = YES_ERROR;
				GCC_WARN_UNDECLARED_SELECTOR = YES;
				GCC_WARN_UNINITIALIZED_AUTOS = YES_AGGRESSIVE;
				GCC_WARN_UNUSED_FUNCTION = YES;
				GCC_WARN_UNUSED_VARIABLE = YES;
				IPHONEOS_DEPLOYMENT_TARGET = 8.0;
				MTL_ENABLE_DEBUG_INFO = NO;
				SDKROOT = iphoneos;
				VALIDATE_PRODUCT = YES;
			};
			name = Release;
		};
		50423A0819D2B53D00EB55AF /* Debug */ = {
			isa = XCBuildConfiguration;
			buildSettings = {
				ASSETCATALOG_COMPILER_APPICON_NAME = AppIcon;
				CODE_SIGN_ENTITLEMENTS = StatusApp/StatusApp.entitlements;
				CODE_SIGN_IDENTITY = "iPhone Developer";
				"CODE_SIGN_IDENTITY[sdk=iphoneos*]" = "iPhone Developer";
				INFOPLIST_FILE = StatusApp/Info.plist;
				IPHONEOS_DEPLOYMENT_TARGET = 8.0;
				LD_RUNPATH_SEARCH_PATHS = "$(inherited) @executable_path/Frameworks";
				PRODUCT_NAME = "$(TARGET_NAME)";
				PROVISIONING_PROFILE = "";
				SWIFT_OBJC_BRIDGING_HEADER = "StatusApp/StatusApp-Bridging-Header.h";
			};
			name = Debug;
		};
		50423A0919D2B53D00EB55AF /* Release */ = {
			isa = XCBuildConfiguration;
			buildSettings = {
				ASSETCATALOG_COMPILER_APPICON_NAME = AppIcon;
				CODE_SIGN_ENTITLEMENTS = StatusApp/StatusApp.entitlements;
				CODE_SIGN_IDENTITY = "iPhone Developer";
				"CODE_SIGN_IDENTITY[sdk=iphoneos*]" = "iPhone Developer";
				INFOPLIST_FILE = StatusApp/Info.plist;
				IPHONEOS_DEPLOYMENT_TARGET = 8.0;
				LD_RUNPATH_SEARCH_PATHS = "$(inherited) @executable_path/Frameworks";
				PRODUCT_NAME = "$(TARGET_NAME)";
				PROVISIONING_PROFILE = "";
				SWIFT_OBJC_BRIDGING_HEADER = "StatusApp/StatusApp-Bridging-Header.h";
			};
			name = Release;
		};
		50423A0B19D2B53D00EB55AF /* Debug */ = {
			isa = XCBuildConfiguration;
			buildSettings = {
				BUNDLE_LOADER = "$(TEST_HOST)";
				FRAMEWORK_SEARCH_PATHS = (
					"$(SDKROOT)/Developer/Library/Frameworks",
					"$(inherited)",
				);
				GCC_PREPROCESSOR_DEFINITIONS = (
					"DEBUG=1",
					"$(inherited)",
				);
				INFOPLIST_FILE = StatusAppTests/Info.plist;
				LD_RUNPATH_SEARCH_PATHS = "$(inherited) @executable_path/Frameworks @loader_path/Frameworks";
				PRODUCT_NAME = "$(TARGET_NAME)";
				TEST_HOST = "$(BUILT_PRODUCTS_DIR)/StatusApp.app/StatusApp";
			};
			name = Debug;
		};
		50423A0C19D2B53D00EB55AF /* Release */ = {
			isa = XCBuildConfiguration;
			buildSettings = {
				BUNDLE_LOADER = "$(TEST_HOST)";
				FRAMEWORK_SEARCH_PATHS = (
					"$(SDKROOT)/Developer/Library/Frameworks",
					"$(inherited)",
				);
				INFOPLIST_FILE = StatusAppTests/Info.plist;
				LD_RUNPATH_SEARCH_PATHS = "$(inherited) @executable_path/Frameworks @loader_path/Frameworks";
				PRODUCT_NAME = "$(TARGET_NAME)";
				TEST_HOST = "$(BUILT_PRODUCTS_DIR)/StatusApp.app/StatusApp";
			};
			name = Release;
		};
/* End XCBuildConfiguration section */

/* Begin XCConfigurationList section */
		504239E319D2B53D00EB55AF /* Build configuration list for PBXProject "StatusApp" */ = {
			isa = XCConfigurationList;
			buildConfigurations = (
				50423A0519D2B53D00EB55AF /* Debug */,
				50423A0619D2B53D00EB55AF /* Release */,
			);
			defaultConfigurationIsVisible = 0;
			defaultConfigurationName = Release;
		};
		50423A0719D2B53D00EB55AF /* Build configuration list for PBXNativeTarget "StatusApp" */ = {
			isa = XCConfigurationList;
			buildConfigurations = (
				50423A0819D2B53D00EB55AF /* Debug */,
				50423A0919D2B53D00EB55AF /* Release */,
			);
			defaultConfigurationIsVisible = 0;
			defaultConfigurationName = Release;
		};
		50423A0A19D2B53D00EB55AF /* Build configuration list for PBXNativeTarget "StatusAppTests" */ = {
			isa = XCConfigurationList;
			buildConfigurations = (
				50423A0B19D2B53D00EB55AF /* Debug */,
				50423A0C19D2B53D00EB55AF /* Release */,
			);
			defaultConfigurationIsVisible = 0;
			defaultConfigurationName = Release;
		};
/* End XCConfigurationList section */
	};
	rootObject = 504239E019D2B53D00EB55AF /* Project object */;
}
